// !$*UTF8*$!
{
	archiveVersion = 1;
	classes = {
	};
	objectVersion = 60;
	objects = {

/* Begin PBXBuildFile section */
		6E16BC312CCB991B00A2D61F /* SmartListing in Frameworks */ = {isa = PBXBuildFile; productRef = 6E16BC302CCB991B00A2D61F /* SmartListing */; };
		6E16BC352CCCD19200A2D61F /* ProfileViewController.swift in Sources */ = {isa = PBXBuildFile; fileRef = 6E16BC342CCCD19200A2D61F /* ProfileViewController.swift */; };
		6E16BC382CCCD24400A2D61F /* ProfileViewModel.swift in Sources */ = {isa = PBXBuildFile; fileRef = 6E16BC372CCCD24400A2D61F /* ProfileViewModel.swift */; };
		6E16BC3C2CCCD2C200A2D61F /* HeaderCell.swift in Sources */ = {isa = PBXBuildFile; fileRef = 6E16BC3A2CCCD2C200A2D61F /* HeaderCell.swift */; };
		6E16BC3D2CCCD2C200A2D61F /* HeaderCell.xib in Resources */ = {isa = PBXBuildFile; fileRef = 6E16BC3B2CCCD2C200A2D61F /* HeaderCell.xib */; };
		6E16BC3F2CCCD30B00A2D61F /* HeaderCellViewModel.swift in Sources */ = {isa = PBXBuildFile; fileRef = 6E16BC3E2CCCD30B00A2D61F /* HeaderCellViewModel.swift */; };
		6E16BC4E2CCCD99F00A2D61F /* ProfileModels.swift in Sources */ = {isa = PBXBuildFile; fileRef = 6E16BC4D2CCCD99F00A2D61F /* ProfileModels.swift */; };
		6E16BC512CCCE30200A2D61F /* FooterView.swift in Sources */ = {isa = PBXBuildFile; fileRef = 6E16BC502CCCE30100A2D61F /* FooterView.swift */; };
		6E16BC532CCCE3D700A2D61F /* FooterView.xib in Resources */ = {isa = PBXBuildFile; fileRef = 6E16BC522CCCE3D700A2D61F /* FooterView.xib */; };
		6E16BC562CCCEEE800A2D61F /* HeaderView.swift in Sources */ = {isa = PBXBuildFile; fileRef = 6E16BC552CCCEEE800A2D61F /* HeaderView.swift */; };
		6E16BC582CCCEF0C00A2D61F /* HeaderViewModel.swift in Sources */ = {isa = PBXBuildFile; fileRef = 6E16BC572CCCEF0C00A2D61F /* HeaderViewModel.swift */; };
		6E16BC5A2CCCEF7C00A2D61F /* HeaderView.xib in Resources */ = {isa = PBXBuildFile; fileRef = 6E16BC592CCCEF7C00A2D61F /* HeaderView.xib */; };
		6E16BC5E2CCCF3EE00A2D61F /* ExperienceCell.swift in Sources */ = {isa = PBXBuildFile; fileRef = 6E16BC5C2CCCF3EE00A2D61F /* ExperienceCell.swift */; };
		6E16BC5F2CCCF3EE00A2D61F /* ExperienceCell.xib in Resources */ = {isa = PBXBuildFile; fileRef = 6E16BC5D2CCCF3EE00A2D61F /* ExperienceCell.xib */; };
		6E16BC612CCCF41A00A2D61F /* ExperienceCellViewModel.swift in Sources */ = {isa = PBXBuildFile; fileRef = 6E16BC602CCCF41A00A2D61F /* ExperienceCellViewModel.swift */; };
		6E16BC652CCD057A00A2D61F /* SkillCell.swift in Sources */ = {isa = PBXBuildFile; fileRef = 6E16BC632CCD057A00A2D61F /* SkillCell.swift */; };
		6E16BC662CCD057A00A2D61F /* SkillCell.xib in Resources */ = {isa = PBXBuildFile; fileRef = 6E16BC642CCD057A00A2D61F /* SkillCell.xib */; };
		6E16BC682CCD061000A2D61F /* SkillCellViewModel.swift in Sources */ = {isa = PBXBuildFile; fileRef = 6E16BC672CCD061000A2D61F /* SkillCellViewModel.swift */; };
		6E16BC6C2CCD14BF00A2D61F /* AboutCell.swift in Sources */ = {isa = PBXBuildFile; fileRef = 6E16BC6A2CCD14BF00A2D61F /* AboutCell.swift */; };
		6E16BC6D2CCD14BF00A2D61F /* AboutCell.xib in Resources */ = {isa = PBXBuildFile; fileRef = 6E16BC6B2CCD14BF00A2D61F /* AboutCell.xib */; };
		6E16BC6F2CCD14E100A2D61F /* AboutCellViewModel.swift in Sources */ = {isa = PBXBuildFile; fileRef = 6E16BC6E2CCD14E100A2D61F /* AboutCellViewModel.swift */; };
		6E16BC802CCD1BC400A2D61F /* EducationCell.swift in Sources */ = {isa = PBXBuildFile; fileRef = 6E16BC7E2CCD1BC400A2D61F /* EducationCell.swift */; };
		6E16BC812CCD1BC400A2D61F /* EducationCell.xib in Resources */ = {isa = PBXBuildFile; fileRef = 6E16BC7F2CCD1BC400A2D61F /* EducationCell.xib */; };
		6E16BC832CCD1BD100A2D61F /* EducationCellViewModel.swift in Sources */ = {isa = PBXBuildFile; fileRef = 6E16BC822CCD1BD100A2D61F /* EducationCellViewModel.swift */; };
		6E16BC862CCD272300A2D61F /* UIView-Shimmer in Frameworks */ = {isa = PBXBuildFile; productRef = 6E16BC852CCD272300A2D61F /* UIView-Shimmer */; };
		6E16BC892CCD313400A2D61F /* ShimmeringViewProtocol+SmartListing.swift in Sources */ = {isa = PBXBuildFile; fileRef = 6E16BC882CCD313400A2D61F /* ShimmeringViewProtocol+SmartListing.swift */; };
		6E313F882C9C68C9005F31AE /* AppDelegate.swift in Sources */ = {isa = PBXBuildFile; fileRef = 6E313F872C9C68C9005F31AE /* AppDelegate.swift */; };
		6E313F8A2C9C68C9005F31AE /* SceneDelegate.swift in Sources */ = {isa = PBXBuildFile; fileRef = 6E313F892C9C68C9005F31AE /* SceneDelegate.swift */; };
		6E313F8F2C9C68C9005F31AE /* Main.storyboard in Resources */ = {isa = PBXBuildFile; fileRef = 6E313F8D2C9C68C9005F31AE /* Main.storyboard */; };
		6E313F912C9C68CB005F31AE /* Assets.xcassets in Resources */ = {isa = PBXBuildFile; fileRef = 6E313F902C9C68CB005F31AE /* Assets.xcassets */; };
		6E313F942C9C68CB005F31AE /* LaunchScreen.storyboard in Resources */ = {isa = PBXBuildFile; fileRef = 6E313F922C9C68CB005F31AE /* LaunchScreen.storyboard */; };
/* End PBXBuildFile section */

/* Begin PBXFileReference section */
		6E16BC342CCCD19200A2D61F /* ProfileViewController.swift */ = {isa = PBXFileReference; lastKnownFileType = sourcecode.swift; path = ProfileViewController.swift; sourceTree = "<group>"; };
		6E16BC372CCCD24400A2D61F /* ProfileViewModel.swift */ = {isa = PBXFileReference; lastKnownFileType = sourcecode.swift; path = ProfileViewModel.swift; sourceTree = "<group>"; };
		6E16BC3A2CCCD2C200A2D61F /* HeaderCell.swift */ = {isa = PBXFileReference; lastKnownFileType = sourcecode.swift; path = HeaderCell.swift; sourceTree = "<group>"; };
		6E16BC3B2CCCD2C200A2D61F /* HeaderCell.xib */ = {isa = PBXFileReference; lastKnownFileType = file.xib; path = HeaderCell.xib; sourceTree = "<group>"; };
		6E16BC3E2CCCD30B00A2D61F /* HeaderCellViewModel.swift */ = {isa = PBXFileReference; lastKnownFileType = sourcecode.swift; path = HeaderCellViewModel.swift; sourceTree = "<group>"; };
		6E16BC4D2CCCD99F00A2D61F /* ProfileModels.swift */ = {isa = PBXFileReference; lastKnownFileType = sourcecode.swift; path = ProfileModels.swift; sourceTree = "<group>"; };
		6E16BC502CCCE30100A2D61F /* FooterView.swift */ = {isa = PBXFileReference; lastKnownFileType = sourcecode.swift; path = FooterView.swift; sourceTree = "<group>"; };
		6E16BC522CCCE3D700A2D61F /* FooterView.xib */ = {isa = PBXFileReference; lastKnownFileType = file.xib; path = FooterView.xib; sourceTree = "<group>"; };
		6E16BC552CCCEEE800A2D61F /* HeaderView.swift */ = {isa = PBXFileReference; lastKnownFileType = sourcecode.swift; path = HeaderView.swift; sourceTree = "<group>"; };
		6E16BC572CCCEF0C00A2D61F /* HeaderViewModel.swift */ = {isa = PBXFileReference; lastKnownFileType = sourcecode.swift; path = HeaderViewModel.swift; sourceTree = "<group>"; };
		6E16BC592CCCEF7C00A2D61F /* HeaderView.xib */ = {isa = PBXFileReference; lastKnownFileType = file.xib; path = HeaderView.xib; sourceTree = "<group>"; };
		6E16BC5C2CCCF3EE00A2D61F /* ExperienceCell.swift */ = {isa = PBXFileReference; lastKnownFileType = sourcecode.swift; path = ExperienceCell.swift; sourceTree = "<group>"; };
		6E16BC5D2CCCF3EE00A2D61F /* ExperienceCell.xib */ = {isa = PBXFileReference; lastKnownFileType = file.xib; path = ExperienceCell.xib; sourceTree = "<group>"; };
		6E16BC602CCCF41A00A2D61F /* ExperienceCellViewModel.swift */ = {isa = PBXFileReference; lastKnownFileType = sourcecode.swift; path = ExperienceCellViewModel.swift; sourceTree = "<group>"; };
		6E16BC632CCD057A00A2D61F /* SkillCell.swift */ = {isa = PBXFileReference; lastKnownFileType = sourcecode.swift; path = SkillCell.swift; sourceTree = "<group>"; };
		6E16BC642CCD057A00A2D61F /* SkillCell.xib */ = {isa = PBXFileReference; lastKnownFileType = file.xib; path = SkillCell.xib; sourceTree = "<group>"; };
		6E16BC672CCD061000A2D61F /* SkillCellViewModel.swift */ = {isa = PBXFileReference; lastKnownFileType = sourcecode.swift; path = SkillCellViewModel.swift; sourceTree = "<group>"; };
		6E16BC6A2CCD14BF00A2D61F /* AboutCell.swift */ = {isa = PBXFileReference; lastKnownFileType = sourcecode.swift; path = AboutCell.swift; sourceTree = "<group>"; };
		6E16BC6B2CCD14BF00A2D61F /* AboutCell.xib */ = {isa = PBXFileReference; lastKnownFileType = file.xib; path = AboutCell.xib; sourceTree = "<group>"; };
		6E16BC6E2CCD14E100A2D61F /* AboutCellViewModel.swift */ = {isa = PBXFileReference; lastKnownFileType = sourcecode.swift; path = AboutCellViewModel.swift; sourceTree = "<group>"; };
		6E16BC7E2CCD1BC400A2D61F /* EducationCell.swift */ = {isa = PBXFileReference; lastKnownFileType = sourcecode.swift; path = EducationCell.swift; sourceTree = "<group>"; };
		6E16BC7F2CCD1BC400A2D61F /* EducationCell.xib */ = {isa = PBXFileReference; lastKnownFileType = file.xib; path = EducationCell.xib; sourceTree = "<group>"; };
		6E16BC822CCD1BD100A2D61F /* EducationCellViewModel.swift */ = {isa = PBXFileReference; lastKnownFileType = sourcecode.swift; path = EducationCellViewModel.swift; sourceTree = "<group>"; };
		6E16BC882CCD313400A2D61F /* ShimmeringViewProtocol+SmartListing.swift */ = {isa = PBXFileReference; lastKnownFileType = sourcecode.swift; path = "ShimmeringViewProtocol+SmartListing.swift"; sourceTree = "<group>"; };
		6E313F842C9C68C9005F31AE /* Demo.app */ = {isa = PBXFileReference; explicitFileType = wrapper.application; includeInIndex = 0; path = Demo.app; sourceTree = BUILT_PRODUCTS_DIR; };
		6E313F872C9C68C9005F31AE /* AppDelegate.swift */ = {isa = PBXFileReference; lastKnownFileType = sourcecode.swift; path = AppDelegate.swift; sourceTree = "<group>"; };
		6E313F892C9C68C9005F31AE /* SceneDelegate.swift */ = {isa = PBXFileReference; lastKnownFileType = sourcecode.swift; path = SceneDelegate.swift; sourceTree = "<group>"; };
		6E313F8E2C9C68C9005F31AE /* Base */ = {isa = PBXFileReference; lastKnownFileType = file.storyboard; name = Base; path = Base.lproj/Main.storyboard; sourceTree = "<group>"; };
		6E313F902C9C68CB005F31AE /* Assets.xcassets */ = {isa = PBXFileReference; lastKnownFileType = folder.assetcatalog; path = Assets.xcassets; sourceTree = "<group>"; };
		6E313F932C9C68CB005F31AE /* Base */ = {isa = PBXFileReference; lastKnownFileType = file.storyboard; name = Base; path = Base.lproj/LaunchScreen.storyboard; sourceTree = "<group>"; };
		6E313F952C9C68CB005F31AE /* Info.plist */ = {isa = PBXFileReference; lastKnownFileType = text.plist.xml; path = Info.plist; sourceTree = "<group>"; };
/* End PBXFileReference section */

/* Begin PBXFrameworksBuildPhase section */
		6E313F812C9C68C9005F31AE /* Frameworks */ = {
			isa = PBXFrameworksBuildPhase;
			buildActionMask = 2147483647;
			files = (
				6E16BC312CCB991B00A2D61F /* SmartListing in Frameworks */,
				6E16BC862CCD272300A2D61F /* UIView-Shimmer in Frameworks */,
			);
			runOnlyForDeploymentPostprocessing = 0;
		};
/* End PBXFrameworksBuildPhase section */

/* Begin PBXGroup section */
		6E16BC322CCCD0D800A2D61F /* Profile */ = {
			isa = PBXGroup;
			children = (
				6E16BC872CCD308100A2D61F /* Extensions */,
				6E16BC362CCCD19C00A2D61F /* Models */,
				6E16BC332CCCD16900A2D61F /* Views */,
				6E16BC342CCCD19200A2D61F /* ProfileViewController.swift */,
				6E16BC372CCCD24400A2D61F /* ProfileViewModel.swift */,
			);
			path = Profile;
			sourceTree = "<group>";
		};
		6E16BC332CCCD16900A2D61F /* Views */ = {
			isa = PBXGroup;
			children = (
				6E16BC692CCD14A200A2D61F /* AboutCell */,
				6E16BC7D2CCD1BAD00A2D61F /* EducationCell */,
				6E16BC5B2CCCF3AB00A2D61F /* ExperienceCell */,
				6E16BC4F2CCCE2BC00A2D61F /* FooterView */,
				6E16BC392CCCD28400A2D61F /* HeaderCell */,
				6E16BC542CCCEEC000A2D61F /* HeaderView */,
				6E16BC622CCD055F00A2D61F /* SkillCell */,
			);
			path = Views;
			sourceTree = "<group>";
		};
		6E16BC362CCCD19C00A2D61F /* Models */ = {
			isa = PBXGroup;
			children = (
				6E16BC4D2CCCD99F00A2D61F /* ProfileModels.swift */,
			);
			path = Models;
			sourceTree = "<group>";
		};
		6E16BC392CCCD28400A2D61F /* HeaderCell */ = {
			isa = PBXGroup;
			children = (
				6E16BC3A2CCCD2C200A2D61F /* HeaderCell.swift */,
				6E16BC3B2CCCD2C200A2D61F /* HeaderCell.xib */,
				6E16BC3E2CCCD30B00A2D61F /* HeaderCellViewModel.swift */,
			);
			path = HeaderCell;
			sourceTree = "<group>";
		};
		6E16BC4F2CCCE2BC00A2D61F /* FooterView */ = {
			isa = PBXGroup;
			children = (
				6E16BC502CCCE30100A2D61F /* FooterView.swift */,
				6E16BC522CCCE3D700A2D61F /* FooterView.xib */,
			);
			path = FooterView;
			sourceTree = "<group>";
		};
		6E16BC542CCCEEC000A2D61F /* HeaderView */ = {
			isa = PBXGroup;
			children = (
				6E16BC552CCCEEE800A2D61F /* HeaderView.swift */,
				6E16BC592CCCEF7C00A2D61F /* HeaderView.xib */,
				6E16BC572CCCEF0C00A2D61F /* HeaderViewModel.swift */,
			);
			path = HeaderView;
			sourceTree = "<group>";
		};
		6E16BC5B2CCCF3AB00A2D61F /* ExperienceCell */ = {
			isa = PBXGroup;
			children = (
				6E16BC5C2CCCF3EE00A2D61F /* ExperienceCell.swift */,
				6E16BC5D2CCCF3EE00A2D61F /* ExperienceCell.xib */,
				6E16BC602CCCF41A00A2D61F /* ExperienceCellViewModel.swift */,
			);
			path = ExperienceCell;
			sourceTree = "<group>";
		};
		6E16BC622CCD055F00A2D61F /* SkillCell */ = {
			isa = PBXGroup;
			children = (
				6E16BC632CCD057A00A2D61F /* SkillCell.swift */,
				6E16BC642CCD057A00A2D61F /* SkillCell.xib */,
				6E16BC672CCD061000A2D61F /* SkillCellViewModel.swift */,
			);
			path = SkillCell;
			sourceTree = "<group>";
		};
		6E16BC692CCD14A200A2D61F /* AboutCell */ = {
			isa = PBXGroup;
			children = (
				6E16BC6A2CCD14BF00A2D61F /* AboutCell.swift */,
				6E16BC6B2CCD14BF00A2D61F /* AboutCell.xib */,
				6E16BC6E2CCD14E100A2D61F /* AboutCellViewModel.swift */,
			);
			path = AboutCell;
			sourceTree = "<group>";
		};
		6E16BC7D2CCD1BAD00A2D61F /* EducationCell */ = {
			isa = PBXGroup;
			children = (
				6E16BC7E2CCD1BC400A2D61F /* EducationCell.swift */,
				6E16BC7F2CCD1BC400A2D61F /* EducationCell.xib */,
				6E16BC822CCD1BD100A2D61F /* EducationCellViewModel.swift */,
			);
			path = EducationCell;
			sourceTree = "<group>";
		};
		6E16BC872CCD308100A2D61F /* Extensions */ = {
			isa = PBXGroup;
			children = (
				6E16BC882CCD313400A2D61F /* ShimmeringViewProtocol+SmartListing.swift */,
			);
			path = Extensions;
			sourceTree = "<group>";
		};
		6E313F7B2C9C68C9005F31AE = {
			isa = PBXGroup;
			children = (
				6E313F862C9C68C9005F31AE /* Demo */,
				6E313F852C9C68C9005F31AE /* Products */,
			);
			sourceTree = "<group>";
		};
		6E313F852C9C68C9005F31AE /* Products */ = {
			isa = PBXGroup;
			children = (
				6E313F842C9C68C9005F31AE /* Demo.app */,
			);
			name = Products;
			sourceTree = "<group>";
		};
		6E313F862C9C68C9005F31AE /* Demo */ = {
			isa = PBXGroup;
			children = (
				6E16BC322CCCD0D800A2D61F /* Profile */,
				6E313F872C9C68C9005F31AE /* AppDelegate.swift */,
				6E313F892C9C68C9005F31AE /* SceneDelegate.swift */,
				6E313F8D2C9C68C9005F31AE /* Main.storyboard */,
				6E313F902C9C68CB005F31AE /* Assets.xcassets */,
				6E313F922C9C68CB005F31AE /* LaunchScreen.storyboard */,
				6E313F952C9C68CB005F31AE /* Info.plist */,
			);
			path = Demo;
			sourceTree = "<group>";
		};
/* End PBXGroup section */

/* Begin PBXNativeTarget section */
		6E313F832C9C68C9005F31AE /* Demo */ = {
			isa = PBXNativeTarget;
			buildConfigurationList = 6E313F982C9C68CB005F31AE /* Build configuration list for PBXNativeTarget "Demo" */;
			buildPhases = (
				6E313F802C9C68C9005F31AE /* Sources */,
				6E313F812C9C68C9005F31AE /* Frameworks */,
				6E313F822C9C68C9005F31AE /* Resources */,
			);
			buildRules = (
			);
			dependencies = (
			);
			name = Demo;
			packageProductDependencies = (
				6E16BC302CCB991B00A2D61F /* SmartListing */,
				6E16BC852CCD272300A2D61F /* UIView-Shimmer */,
			);
			productName = Test;
			productReference = 6E313F842C9C68C9005F31AE /* Demo.app */;
			productType = "com.apple.product-type.application";
		};
/* End PBXNativeTarget section */

/* Begin PBXProject section */
		6E313F7C2C9C68C9005F31AE /* Project object */ = {
			isa = PBXProject;
			attributes = {
				BuildIndependentTargetsInParallel = 1;
				LastSwiftUpdateCheck = 1520;
				LastUpgradeCheck = 1520;
				TargetAttributes = {
					6E313F832C9C68C9005F31AE = {
						CreatedOnToolsVersion = 15.2;
					};
				};
			};
			buildConfigurationList = 6E313F7F2C9C68C9005F31AE /* Build configuration list for PBXProject "Demo" */;
			compatibilityVersion = "Xcode 14.0";
			developmentRegion = en;
			hasScannedForEncodings = 0;
			knownRegions = (
				en,
				Base,
			);
			mainGroup = 6E313F7B2C9C68C9005F31AE;
			packageReferences = (
				6E16BC2F2CCB991B00A2D61F /* XCLocalSwiftPackageReference ".." */,
				6E16BC842CCD272300A2D61F /* XCRemoteSwiftPackageReference "UIView-Shimmer" */,
			);
			productRefGroup = 6E313F852C9C68C9005F31AE /* Products */;
			projectDirPath = "";
			projectRoot = "";
			targets = (
				6E313F832C9C68C9005F31AE /* Demo */,
			);
		};
/* End PBXProject section */

/* Begin PBXResourcesBuildPhase section */
		6E313F822C9C68C9005F31AE /* Resources */ = {
			isa = PBXResourcesBuildPhase;
			buildActionMask = 2147483647;
			files = (
				6E16BC3D2CCCD2C200A2D61F /* HeaderCell.xib in Resources */,
				6E16BC532CCCE3D700A2D61F /* FooterView.xib in Resources */,
				6E16BC5A2CCCEF7C00A2D61F /* HeaderView.xib in Resources */,
				6E16BC6D2CCD14BF00A2D61F /* AboutCell.xib in Resources */,
				6E313F942C9C68CB005F31AE /* LaunchScreen.storyboard in Resources */,
				6E313F912C9C68CB005F31AE /* Assets.xcassets in Resources */,
				6E16BC5F2CCCF3EE00A2D61F /* ExperienceCell.xib in Resources */,
				6E313F8F2C9C68C9005F31AE /* Main.storyboard in Resources */,
				6E16BC812CCD1BC400A2D61F /* EducationCell.xib in Resources */,
				6E16BC662CCD057A00A2D61F /* SkillCell.xib in Resources */,
			);
			runOnlyForDeploymentPostprocessing = 0;
		};
/* End PBXResourcesBuildPhase section */

/* Begin PBXSourcesBuildPhase section */
		6E313F802C9C68C9005F31AE /* Sources */ = {
			isa = PBXSourcesBuildPhase;
			buildActionMask = 2147483647;
			files = (
				6E16BC6F2CCD14E100A2D61F /* AboutCellViewModel.swift in Sources */,
				6E313F882C9C68C9005F31AE /* AppDelegate.swift in Sources */,
				6E16BC832CCD1BD100A2D61F /* EducationCellViewModel.swift in Sources */,
				6E16BC352CCCD19200A2D61F /* ProfileViewController.swift in Sources */,
				6E16BC512CCCE30200A2D61F /* FooterView.swift in Sources */,
				6E16BC4E2CCCD99F00A2D61F /* ProfileModels.swift in Sources */,
				6E16BC802CCD1BC400A2D61F /* EducationCell.swift in Sources */,
				6E16BC6C2CCD14BF00A2D61F /* AboutCell.swift in Sources */,
				6E16BC562CCCEEE800A2D61F /* HeaderView.swift in Sources */,
				6E16BC3F2CCCD30B00A2D61F /* HeaderCellViewModel.swift in Sources */,
				6E313F8A2C9C68C9005F31AE /* SceneDelegate.swift in Sources */,
				6E16BC3C2CCCD2C200A2D61F /* HeaderCell.swift in Sources */,
				6E16BC652CCD057A00A2D61F /* SkillCell.swift in Sources */,
				6E16BC382CCCD24400A2D61F /* ProfileViewModel.swift in Sources */,
				6E16BC582CCCEF0C00A2D61F /* HeaderViewModel.swift in Sources */,
				6E16BC892CCD313400A2D61F /* ShimmeringViewProtocol+SmartListing.swift in Sources */,
				6E16BC612CCCF41A00A2D61F /* ExperienceCellViewModel.swift in Sources */,
				6E16BC682CCD061000A2D61F /* SkillCellViewModel.swift in Sources */,
				6E16BC5E2CCCF3EE00A2D61F /* ExperienceCell.swift in Sources */,
			);
			runOnlyForDeploymentPostprocessing = 0;
		};
/* End PBXSourcesBuildPhase section */

/* Begin PBXVariantGroup section */
		6E313F8D2C9C68C9005F31AE /* Main.storyboard */ = {
			isa = PBXVariantGroup;
			children = (
				6E313F8E2C9C68C9005F31AE /* Base */,
			);
			name = Main.storyboard;
			sourceTree = "<group>";
		};
		6E313F922C9C68CB005F31AE /* LaunchScreen.storyboard */ = {
			isa = PBXVariantGroup;
			children = (
				6E313F932C9C68CB005F31AE /* Base */,
			);
			name = LaunchScreen.storyboard;
			sourceTree = "<group>";
		};
/* End PBXVariantGroup section */

/* Begin XCBuildConfiguration section */
		6E313F962C9C68CB005F31AE /* Debug */ = {
			isa = XCBuildConfiguration;
			buildSettings = {
				ALWAYS_SEARCH_USER_PATHS = NO;
				ASSETCATALOG_COMPILER_GENERATE_SWIFT_ASSET_SYMBOL_EXTENSIONS = YES;
				CLANG_ANALYZER_NONNULL = YES;
				CLANG_ANALYZER_NUMBER_OBJECT_CONVERSION = YES_AGGRESSIVE;
				CLANG_CXX_LANGUAGE_STANDARD = "gnu++20";
				CLANG_ENABLE_MODULES = YES;
				CLANG_ENABLE_OBJC_ARC = YES;
				CLANG_ENABLE_OBJC_WEAK = YES;
				CLANG_WARN_BLOCK_CAPTURE_AUTORELEASING = YES;
				CLANG_WARN_BOOL_CONVERSION = YES;
				CLANG_WARN_COMMA = YES;
				CLANG_WARN_CONSTANT_CONVERSION = YES;
				CLANG_WARN_DEPRECATED_OBJC_IMPLEMENTATIONS = YES;
				CLANG_WARN_DIRECT_OBJC_ISA_USAGE = YES_ERROR;
				CLANG_WARN_DOCUMENTATION_COMMENTS = YES;
				CLANG_WARN_EMPTY_BODY = YES;
				CLANG_WARN_ENUM_CONVERSION = YES;
				CLANG_WARN_INFINITE_RECURSION = YES;
				CLANG_WARN_INT_CONVERSION = YES;
				CLANG_WARN_NON_LITERAL_NULL_CONVERSION = YES;
				CLANG_WARN_OBJC_IMPLICIT_RETAIN_SELF = YES;
				CLANG_WARN_OBJC_LITERAL_CONVERSION = YES;
				CLANG_WARN_OBJC_ROOT_CLASS = YES_ERROR;
				CLANG_WARN_QUOTED_INCLUDE_IN_FRAMEWORK_HEADER = YES;
				CLANG_WARN_RANGE_LOOP_ANALYSIS = YES;
				CLANG_WARN_STRICT_PROTOTYPES = YES;
				CLANG_WARN_SUSPICIOUS_MOVE = YES;
				CLANG_WARN_UNGUARDED_AVAILABILITY = YES_AGGRESSIVE;
				CLANG_WARN_UNREACHABLE_CODE = YES;
				CLANG_WARN__DUPLICATE_METHOD_MATCH = YES;
				COPY_PHASE_STRIP = NO;
				DEBUG_INFORMATION_FORMAT = dwarf;
				ENABLE_STRICT_OBJC_MSGSEND = YES;
				ENABLE_TESTABILITY = YES;
				ENABLE_USER_SCRIPT_SANDBOXING = YES;
				GCC_C_LANGUAGE_STANDARD = gnu17;
				GCC_DYNAMIC_NO_PIC = NO;
				GCC_NO_COMMON_BLOCKS = YES;
				GCC_OPTIMIZATION_LEVEL = 0;
				GCC_PREPROCESSOR_DEFINITIONS = (
					"DEBUG=1",
					"$(inherited)",
				);
				GCC_WARN_64_TO_32_BIT_CONVERSION = YES;
				GCC_WARN_ABOUT_RETURN_TYPE = YES_ERROR;
				GCC_WARN_UNDECLARED_SELECTOR = YES;
				GCC_WARN_UNINITIALIZED_AUTOS = YES_AGGRESSIVE;
				GCC_WARN_UNUSED_FUNCTION = YES;
				GCC_WARN_UNUSED_VARIABLE = YES;
				IPHONEOS_DEPLOYMENT_TARGET = 13.0;
				LOCALIZATION_PREFERS_STRING_CATALOGS = YES;
				MTL_ENABLE_DEBUG_INFO = INCLUDE_SOURCE;
				MTL_FAST_MATH = YES;
				ONLY_ACTIVE_ARCH = YES;
				SDKROOT = iphoneos;
				SWIFT_ACTIVE_COMPILATION_CONDITIONS = "DEBUG $(inherited)";
				SWIFT_OPTIMIZATION_LEVEL = "-Onone";
			};
			name = Debug;
		};
		6E313F972C9C68CB005F31AE /* Release */ = {
			isa = XCBuildConfiguration;
			buildSettings = {
				ALWAYS_SEARCH_USER_PATHS = NO;
				ASSETCATALOG_COMPILER_GENERATE_SWIFT_ASSET_SYMBOL_EXTENSIONS = YES;
				CLANG_ANALYZER_NONNULL = YES;
				CLANG_ANALYZER_NUMBER_OBJECT_CONVERSION = YES_AGGRESSIVE;
				CLANG_CXX_LANGUAGE_STANDARD = "gnu++20";
				CLANG_ENABLE_MODULES = YES;
				CLANG_ENABLE_OBJC_ARC = YES;
				CLANG_ENABLE_OBJC_WEAK = YES;
				CLANG_WARN_BLOCK_CAPTURE_AUTORELEASING = YES;
				CLANG_WARN_BOOL_CONVERSION = YES;
				CLANG_WARN_COMMA = YES;
				CLANG_WARN_CONSTANT_CONVERSION = YES;
				CLANG_WARN_DEPRECATED_OBJC_IMPLEMENTATIONS = YES;
				CLANG_WARN_DIRECT_OBJC_ISA_USAGE = YES_ERROR;
				CLANG_WARN_DOCUMENTATION_COMMENTS = YES;
				CLANG_WARN_EMPTY_BODY = YES;
				CLANG_WARN_ENUM_CONVERSION = YES;
				CLANG_WARN_INFINITE_RECURSION = YES;
				CLANG_WARN_INT_CONVERSION = YES;
				CLANG_WARN_NON_LITERAL_NULL_CONVERSION = YES;
				CLANG_WARN_OBJC_IMPLICIT_RETAIN_SELF = YES;
				CLANG_WARN_OBJC_LITERAL_CONVERSION = YES;
				CLANG_WARN_OBJC_ROOT_CLASS = YES_ERROR;
				CLANG_WARN_QUOTED_INCLUDE_IN_FRAMEWORK_HEADER = YES;
				CLANG_WARN_RANGE_LOOP_ANALYSIS = YES;
				CLANG_WARN_STRICT_PROTOTYPES = YES;
				CLANG_WARN_SUSPICIOUS_MOVE = YES;
				CLANG_WARN_UNGUARDED_AVAILABILITY = YES_AGGRESSIVE;
				CLANG_WARN_UNREACHABLE_CODE = YES;
				CLANG_WARN__DUPLICATE_METHOD_MATCH = YES;
				COPY_PHASE_STRIP = NO;
				DEBUG_INFORMATION_FORMAT = "dwarf-with-dsym";
				ENABLE_NS_ASSERTIONS = NO;
				ENABLE_STRICT_OBJC_MSGSEND = YES;
				ENABLE_USER_SCRIPT_SANDBOXING = YES;
				GCC_C_LANGUAGE_STANDARD = gnu17;
				GCC_NO_COMMON_BLOCKS = YES;
				GCC_WARN_64_TO_32_BIT_CONVERSION = YES;
				GCC_WARN_ABOUT_RETURN_TYPE = YES_ERROR;
				GCC_WARN_UNDECLARED_SELECTOR = YES;
				GCC_WARN_UNINITIALIZED_AUTOS = YES_AGGRESSIVE;
				GCC_WARN_UNUSED_FUNCTION = YES;
				GCC_WARN_UNUSED_VARIABLE = YES;
				IPHONEOS_DEPLOYMENT_TARGET = 13.0;
				LOCALIZATION_PREFERS_STRING_CATALOGS = YES;
				MTL_ENABLE_DEBUG_INFO = NO;
				MTL_FAST_MATH = YES;
				SDKROOT = iphoneos;
				SWIFT_COMPILATION_MODE = wholemodule;
				VALIDATE_PRODUCT = YES;
			};
			name = Release;
		};
		6E313F992C9C68CB005F31AE /* Debug */ = {
			isa = XCBuildConfiguration;
			buildSettings = {
				ASSETCATALOG_COMPILER_APPICON_NAME = AppIcon;
				ASSETCATALOG_COMPILER_GLOBAL_ACCENT_COLOR_NAME = AccentColor;
				CODE_SIGN_STYLE = Automatic;
				CURRENT_PROJECT_VERSION = 1;
				GENERATE_INFOPLIST_FILE = YES;
				INFOPLIST_FILE = Demo/Info.plist;
				INFOPLIST_KEY_UIApplicationSupportsIndirectInputEvents = YES;
				INFOPLIST_KEY_UILaunchStoryboardName = LaunchScreen;
				INFOPLIST_KEY_UIMainStoryboardFile = Main;
				INFOPLIST_KEY_UISupportedInterfaceOrientations_iPad = "UIInterfaceOrientationPortrait UIInterfaceOrientationPortraitUpsideDown UIInterfaceOrientationLandscapeLeft UIInterfaceOrientationLandscapeRight";
				INFOPLIST_KEY_UISupportedInterfaceOrientations_iPhone = "UIInterfaceOrientationPortrait UIInterfaceOrientationLandscapeLeft UIInterfaceOrientationLandscapeRight";
				LD_RUNPATH_SEARCH_PATHS = (
					"$(inherited)",
					"@executable_path/Frameworks",
				);
				MARKETING_VERSION = 1.0;
				PRODUCT_BUNDLE_IDENTIFIER = com.mta.smartlisting;
				PRODUCT_NAME = "$(TARGET_NAME)";
				SWIFT_EMIT_LOC_STRINGS = YES;
				SWIFT_VERSION = 5.0;
				TARGETED_DEVICE_FAMILY = "1,2";
			};
			name = Debug;
		};
		6E313F9A2C9C68CB005F31AE /* Release */ = {
			isa = XCBuildConfiguration;
			buildSettings = {
				ASSETCATALOG_COMPILER_APPICON_NAME = AppIcon;
				ASSETCATALOG_COMPILER_GLOBAL_ACCENT_COLOR_NAME = AccentColor;
				CODE_SIGN_STYLE = Automatic;
				CURRENT_PROJECT_VERSION = 1;
				GENERATE_INFOPLIST_FILE = YES;
				INFOPLIST_FILE = Demo/Info.plist;
				INFOPLIST_KEY_UIApplicationSupportsIndirectInputEvents = YES;
				INFOPLIST_KEY_UILaunchStoryboardName = LaunchScreen;
				INFOPLIST_KEY_UIMainStoryboardFile = Main;
				INFOPLIST_KEY_UISupportedInterfaceOrientations_iPad = "UIInterfaceOrientationPortrait UIInterfaceOrientationPortraitUpsideDown UIInterfaceOrientationLandscapeLeft UIInterfaceOrientationLandscapeRight";
				INFOPLIST_KEY_UISupportedInterfaceOrientations_iPhone = "UIInterfaceOrientationPortrait UIInterfaceOrientationLandscapeLeft UIInterfaceOrientationLandscapeRight";
				LD_RUNPATH_SEARCH_PATHS = (
					"$(inherited)",
					"@executable_path/Frameworks",
				);
				MARKETING_VERSION = 1.0;
				PRODUCT_BUNDLE_IDENTIFIER = com.mta.smartlisting;
				PRODUCT_NAME = "$(TARGET_NAME)";
				SWIFT_EMIT_LOC_STRINGS = YES;
				SWIFT_VERSION = 5.0;
				TARGETED_DEVICE_FAMILY = "1,2";
			};
			name = Release;
		};
/* End XCBuildConfiguration section */

/* Begin XCConfigurationList section */
		6E313F7F2C9C68C9005F31AE /* Build configuration list for PBXProject "Demo" */ = {
			isa = XCConfigurationList;
			buildConfigurations = (
				6E313F962C9C68CB005F31AE /* Debug */,
				6E313F972C9C68CB005F31AE /* Release */,
			);
			defaultConfigurationIsVisible = 0;
			defaultConfigurationName = Release;
		};
		6E313F982C9C68CB005F31AE /* Build configuration list for PBXNativeTarget "Demo" */ = {
			isa = XCConfigurationList;
			buildConfigurations = (
				6E313F992C9C68CB005F31AE /* Debug */,
				6E313F9A2C9C68CB005F31AE /* Release */,
			);
			defaultConfigurationIsVisible = 0;
			defaultConfigurationName = Release;
		};
/* End XCConfigurationList section */

/* Begin XCLocalSwiftPackageReference section */
		6E16BC2F2CCB991B00A2D61F /* XCLocalSwiftPackageReference ".." */ = {
			isa = XCLocalSwiftPackageReference;
			relativePath = ..;
		};
/* End XCLocalSwiftPackageReference section */

/* Begin XCRemoteSwiftPackageReference section */
		6E16BC842CCD272300A2D61F /* XCRemoteSwiftPackageReference "UIView-Shimmer" */ = {
			isa = XCRemoteSwiftPackageReference;
			repositoryURL = "https://github.com/omerfarukozturk/UIView-Shimmer.git";
			requirement = {
				kind = upToNextMajorVersion;
				minimumVersion = 1.0.4;
			};
		};
/* End XCRemoteSwiftPackageReference section */

/* Begin XCSwiftPackageProductDependency section */
		6E16BC302CCB991B00A2D61F /* SmartListing */ = {
			isa = XCSwiftPackageProductDependency;
			productName = SmartListing;
		};
		6E16BC852CCD272300A2D61F /* UIView-Shimmer */ = {
			isa = XCSwiftPackageProductDependency;
			package = 6E16BC842CCD272300A2D61F /* XCRemoteSwiftPackageReference "UIView-Shimmer" */;
			productName = "UIView-Shimmer";
		};
/* End XCSwiftPackageProductDependency section */
	};
	rootObject = 6E313F7C2C9C68C9005F31AE /* Project object */;
}
